
Microsoft Visual Studio Solution File, Format Version 12.00
# Visual Studio 15
VisualStudioVersion = 15.0.26430.12
MinimumVisualStudioVersion = 10.0.40219.1
Project("{FAE04EC0-301F-11D3-BF4B-00C04F79EFBC}") = "NHANBENH", "Project\NHANBENH.csproj", "{99DB1F64-B0E9-4ABD-AA63-770630F0EF79}"
EndProject
Project("{FAE04EC0-301F-11D3-BF4B-00C04F79EFBC}") = "PHONGKHAM", "PHONGKHAM\PHONGKHAM.csproj", "{31C58EAA-348B-41E9-8E9C-112AD714ABC2}"
EndProject
Global
	GlobalSection(SolutionConfigurationPlatforms) = preSolution
		Debug|Any CPU = Debug|Any CPU
		Release|Any CPU = Release|Any CPU
	EndGlobalSection
	GlobalSection(ProjectConfigurationPlatforms) = postSolution
		{99DB1F64-B0E9-4ABD-AA63-770630F0EF79}.Debug|Any CPU.ActiveCfg = Debug|Any CPU
		{99DB1F64-B0E9-4ABD-AA63-770630F0EF79}.Debug|Any CPU.Build.0 = Debug|Any CPU
		{99DB1F64-B0E9-4ABD-AA63-770630F0EF79}.Release|Any CPU.ActiveCfg = Release|Any CPU
		{99DB1F64-B0E9-4ABD-AA63-770630F0EF79}.Release|Any CPU.Build.0 = Release|Any CPU
		{31C58EAA-348B-41E9-8E9C-112AD714ABC2}.Debug|Any CPU.ActiveCfg = Debug|Any CPU
		{31C58EAA-348B-41E9-8E9C-112AD714ABC2}.Debug|Any CPU.Build.0 = Debug|Any CPU
		{31C58EAA-348B-41E9-8E9C-112AD714ABC2}.Release|Any CPU.ActiveCfg = Release|Any CPU
		{31C58EAA-348B-41E9-8E9C-112AD714ABC2}.Release|Any CPU.Build.0 = Release|Any CPU
	EndGlobalSection
	GlobalSection(SolutionProperties) = preSolution
		HideSolutionNode = FALSE
	EndGlobalSection
EndGlobal
